
Microsoft Visual Studio Solution File, Format Version 12.00
# Visual Studio 15
VisualStudioVersion = 15.0.26730.12
MinimumVisualStudioVersion = 10.0.40219.1
Project("{FAE04EC0-301F-11D3-BF4B-00C04F79EFBC}") = "Sheepshead", "Sheepshead\Sheepshead.csproj", "{4EA049AB-6BE7-4CB8-9A71-FA9666C1AE4C}"
EndProject
Project("{FAE04EC0-301F-11D3-BF4B-00C04F79EFBC}") = "Sheepshead.Tests", "Sheepshead.Tests\Sheepshead.Tests.csproj", "{3F32BCA8-D6C5-47B1-A0B6-0E64ACCA8E96}"
EndProject
Project("{FAE04EC0-301F-11D3-BF4B-00C04F79EFBC}") = "Sheepshead.Model", "Sheepshead.Model\Sheepshead.Model.csproj", "{D3975282-20D6-495F-BFD2-4F477879AD51}"
EndProject
Project("{9A19103F-16F7-4668-BE54-9A1E7A4F7556}") = "Sheepshead.React", "Sheepshead.React\Sheepshead.React.csproj", "{6D14F136-E64F-4C57-831B-D9A1F711DB66}"
EndProject
Project("{9A19103F-16F7-4668-BE54-9A1E7A4F7556}") = "Sheepshead.Logic", "Sheepshead.Logic\Sheepshead.Logic.csproj", "{6C9D2DD2-1DE7-4A6F-A8E0-507705DFF661}"
EndProject
Project("{FAE04EC0-301F-11D3-BF4B-00C04F79EFBC}") = "Sheepshead.Test", "Sheepshead.Test\Sheepshead.Test.csproj", "{9DD4BA8E-06CE-4AE1-9C21-93CE729E65B5}"
EndProject
Global
	GlobalSection(SolutionConfigurationPlatforms) = preSolution
		Debug|Any CPU = Debug|Any CPU
		Release|Any CPU = Release|Any CPU
	EndGlobalSection
	GlobalSection(ProjectConfigurationPlatforms) = postSolution
		{4EA049AB-6BE7-4CB8-9A71-FA9666C1AE4C}.Debug|Any CPU.ActiveCfg = Debug|Any CPU
		{4EA049AB-6BE7-4CB8-9A71-FA9666C1AE4C}.Debug|Any CPU.Build.0 = Debug|Any CPU
		{4EA049AB-6BE7-4CB8-9A71-FA9666C1AE4C}.Release|Any CPU.ActiveCfg = Release|Any CPU
		{4EA049AB-6BE7-4CB8-9A71-FA9666C1AE4C}.Release|Any CPU.Build.0 = Release|Any CPU
		{3F32BCA8-D6C5-47B1-A0B6-0E64ACCA8E96}.Debug|Any CPU.ActiveCfg = Debug|Any CPU
		{3F32BCA8-D6C5-47B1-A0B6-0E64ACCA8E96}.Debug|Any CPU.Build.0 = Debug|Any CPU
		{3F32BCA8-D6C5-47B1-A0B6-0E64ACCA8E96}.Release|Any CPU.ActiveCfg = Release|Any CPU
		{3F32BCA8-D6C5-47B1-A0B6-0E64ACCA8E96}.Release|Any CPU.Build.0 = Release|Any CPU
		{D3975282-20D6-495F-BFD2-4F477879AD51}.Debug|Any CPU.ActiveCfg = Debug|Any CPU
		{D3975282-20D6-495F-BFD2-4F477879AD51}.Debug|Any CPU.Build.0 = Debug|Any CPU
		{D3975282-20D6-495F-BFD2-4F477879AD51}.Release|Any CPU.ActiveCfg = Release|Any CPU
		{D3975282-20D6-495F-BFD2-4F477879AD51}.Release|Any CPU.Build.0 = Release|Any CPU
		{6D14F136-E64F-4C57-831B-D9A1F711DB66}.Debug|Any CPU.ActiveCfg = Debug|Any CPU
		{6D14F136-E64F-4C57-831B-D9A1F711DB66}.Debug|Any CPU.Build.0 = Debug|Any CPU
		{6D14F136-E64F-4C57-831B-D9A1F711DB66}.Release|Any CPU.ActiveCfg = Release|Any CPU
		{6D14F136-E64F-4C57-831B-D9A1F711DB66}.Release|Any CPU.Build.0 = Release|Any CPU
		{6C9D2DD2-1DE7-4A6F-A8E0-507705DFF661}.Debug|Any CPU.ActiveCfg = Debug|Any CPU
		{6C9D2DD2-1DE7-4A6F-A8E0-507705DFF661}.Debug|Any CPU.Build.0 = Debug|Any CPU
		{6C9D2DD2-1DE7-4A6F-A8E0-507705DFF661}.Release|Any CPU.ActiveCfg = Release|Any CPU
		{6C9D2DD2-1DE7-4A6F-A8E0-507705DFF661}.Release|Any CPU.Build.0 = Release|Any CPU
		{9DD4BA8E-06CE-4AE1-9C21-93CE729E65B5}.Debug|Any CPU.ActiveCfg = Debug|Any CPU
		{9DD4BA8E-06CE-4AE1-9C21-93CE729E65B5}.Debug|Any CPU.Build.0 = Debug|Any CPU
		{9DD4BA8E-06CE-4AE1-9C21-93CE729E65B5}.Release|Any CPU.ActiveCfg = Release|Any CPU
		{9DD4BA8E-06CE-4AE1-9C21-93CE729E65B5}.Release|Any CPU.Build.0 = Release|Any CPU
	EndGlobalSection
	GlobalSection(SolutionProperties) = preSolution
		HideSolutionNode = FALSE
	EndGlobalSection
	GlobalSection(ExtensibilityGlobals) = postSolution
		SolutionGuid = {EB04C12A-C4D5-4341-84CD-9C304D447E92}
	EndGlobalSection
EndGlobal
